
Microsoft Visual Studio Solution File, Format Version 12.00
# Visual Studio 15
VisualStudioVersion = 15.0.27428.2027
MinimumVisualStudioVersion = 10.0.40219.1
Project("{FAE04EC0-301F-11D3-BF4B-00C04F79EFBC}") = "Threads_CalculatorDemonstrator", "Threads_CalculatorDemonstrator\Threads_CalculatorDemonstrator.csproj", "{1D63D702-9874-4F80-9F08-E64112DB69A8}"
EndProject
Global
	GlobalSection(SolutionConfigurationPlatforms) = preSolution
		Debug|Any CPU = Debug|Any CPU
		Release|Any CPU = Release|Any CPU
	EndGlobalSection
	GlobalSection(ProjectConfigurationPlatforms) = postSolution
		{1D63D702-9874-4F80-9F08-E64112DB69A8}.Debug|Any CPU.ActiveCfg = Debug|Any CPU
		{1D63D702-9874-4F80-9F08-E64112DB69A8}.Debug|Any CPU.Build.0 = Debug|Any CPU
		{1D63D702-9874-4F80-9F08-E64112DB69A8}.Release|Any CPU.ActiveCfg = Release|Any CPU
		{1D63D702-9874-4F80-9F08-E64112DB69A8}.Release|Any CPU.Build.0 = Release|Any CPU
	EndGlobalSection
	GlobalSection(SolutionProperties) = preSolution
		HideSolutionNode = FALSE
	EndGlobalSection
	GlobalSection(ExtensibilityGlobals) = postSolution
		SolutionGuid = {09D78EC8-1ADE-44E8-B22E-A4E0D491FDE7}
	EndGlobalSection
EndGlobal
